
Microsoft Visual Studio Solution File, Format Version 9.00
# Visual Studio 2005
Project("{FAE04EC0-301F-11D3-BF4B-00C04F79EFBC}") = "Presentation.Web", "Presentation.Web.csproj", "{40EACE8D-ECB1-4BDD-9044-07879B704B66}"
	ProjectSection(WebsiteProperties) = preProject
		Debug.AspNetCompiler.Debug = "True"
		Release.AspNetCompiler.Debug = "False"
	EndProjectSection
EndProject
Global
	GlobalSection(TeamFoundationVersionControl) = preSolution
		SccNumberOfProjects = 1
		SccEnterpriseProvider = {4CA58AB2-18FA-4F8D-95D4-32DDF27D184C}
		SccTeamFoundationServer = http://10.49.255.170:8080/
		SccProjectUniqueName0 = Presentation.Web.csproj
		SccProjectName0 = .
		SccAuxPath0 = http://10.49.255.170:8080
		SccLocalPath0 = .
		SccProvider0 = {4CA58AB2-18FA-4F8D-95D4-32DDF27D184C}
	EndGlobalSection
	GlobalSection(SolutionConfigurationPlatforms) = preSolution
		Debug|Any CPU = Debug|Any CPU
		Release|Any CPU = Release|Any CPU
	EndGlobalSection
	GlobalSection(ProjectConfigurationPlatforms) = postSolution
		{40EACE8D-ECB1-4BDD-9044-07879B704B66}.Debug|Any CPU.ActiveCfg = Debug|Any CPU
		{40EACE8D-ECB1-4BDD-9044-07879B704B66}.Debug|Any CPU.Build.0 = Debug|Any CPU
		{40EACE8D-ECB1-4BDD-9044-07879B704B66}.Release|Any CPU.ActiveCfg = Release|Any CPU
		{40EACE8D-ECB1-4BDD-9044-07879B704B66}.Release|Any CPU.Build.0 = Release|Any CPU
	EndGlobalSection
	GlobalSection(SolutionProperties) = preSolution
		HideSolutionNode = FALSE
	EndGlobalSection
EndGlobal
